// !$*UTF8*$!
{
	archiveVersion = 1;
	classes = {
	};
	objectVersion = 48;
	objects = {

/* Begin PBXBuildFile section */
		920AD0471FBB5F700092CAE4 /* AppDelegate.m in Sources */ = {isa = PBXBuildFile; fileRef = 920AD0461FBB5F700092CAE4 /* AppDelegate.m */; };
		920AD04A1FBB5F700092CAE4 /* ViewController.m in Sources */ = {isa = PBXBuildFile; fileRef = 920AD0491FBB5F700092CAE4 /* ViewController.m */; };
		920AD04D1FBB5F700092CAE4 /* Main.storyboard in Resources */ = {isa = PBXBuildFile; fileRef = 920AD04B1FBB5F700092CAE4 /* Main.storyboard */; };
		920AD04F1FBB5F700092CAE4 /* Assets.xcassets in Resources */ = {isa = PBXBuildFile; fileRef = 920AD04E1FBB5F700092CAE4 /* Assets.xcassets */; };
		920AD0521FBB5F700092CAE4 /* LaunchScreen.storyboard in Resources */ = {isa = PBXBuildFile; fileRef = 920AD0501FBB5F700092CAE4 /* LaunchScreen.storyboard */; };
		920AD0551FBB5F700092CAE4 /* main.m in Sources */ = {isa = PBXBuildFile; fileRef = 920AD0541FBB5F700092CAE4 /* main.m */; };
		920AD05F1FBB5F710092CAE4 /* Final_AppTests.m in Sources */ = {isa = PBXBuildFile; fileRef = 920AD05E1FBB5F710092CAE4 /* Final_AppTests.m */; };
		920AD06A1FBB5F710092CAE4 /* Final_AppUITests.m in Sources */ = {isa = PBXBuildFile; fileRef = 920AD0691FBB5F710092CAE4 /* Final_AppUITests.m */; };
		920AD09F1FBB725E0092CAE4 /* NotesViewController.m in Sources */ = {isa = PBXBuildFile; fileRef = 920AD09E1FBB725E0092CAE4 /* NotesViewController.m */; };
		920AD0A21FBB727D0092CAE4 /* NewsViewController.m in Sources */ = {isa = PBXBuildFile; fileRef = 920AD0A11FBB727D0092CAE4 /* NewsViewController.m */; };
		920AD0A51FBB72A00092CAE4 /* MapViewController.m in Sources */ = {isa = PBXBuildFile; fileRef = 920AD0A41FBB72A00092CAE4 /* MapViewController.m */; };
		920AD0A81FBB72D10092CAE4 /* SettingsViewController.m in Sources */ = {isa = PBXBuildFile; fileRef = 920AD0A71FBB72D10092CAE4 /* SettingsViewController.m */; };
		920AD0AB1FBB72E90092CAE4 /* WeatherViewController.m in Sources */ = {isa = PBXBuildFile; fileRef = 920AD0AA1FBB72E90092CAE4 /* WeatherViewController.m */; };
		920AD0AE1FBB77250092CAE4 /* NewsModel.m in Sources */ = {isa = PBXBuildFile; fileRef = 920AD0AD1FBB77250092CAE4 /* NewsModel.m */; };
		920AD0B11FBB77400092CAE4 /* MapModule.m in Sources */ = {isa = PBXBuildFile; fileRef = 920AD0B01FBB77400092CAE4 /* MapModule.m */; };
		920AD0B41FBB77580092CAE4 /* NotesModule.m in Sources */ = {isa = PBXBuildFile; fileRef = 920AD0B31FBB77580092CAE4 /* NotesModule.m */; };
		920AD0B71FBB77790092CAE4 /* SettingsModule.m in Sources */ = {isa = PBXBuildFile; fileRef = 920AD0B61FBB77790092CAE4 /* SettingsModule.m */; };
		920AD0BA1FBB77910092CAE4 /* WeatherModule.m in Sources */ = {isa = PBXBuildFile; fileRef = 920AD0B91FBB77910092CAE4 /* WeatherModule.m */; };
		920AD0C81FBCBB4B0092CAE4 /* DataManager.m in Sources */ = {isa = PBXBuildFile; fileRef = 920AD0C71FBCBB4B0092CAE4 /* DataManager.m */; };
		920AD0CC1FBCBF160092CAE4 /* AppDataModel.xcdatamodeld in Sources */ = {isa = PBXBuildFile; fileRef = 920AD0CA1FBCBF160092CAE4 /* AppDataModel.xcdatamodeld */; };
		920AD0D21FBCC99E0092CAE4 /* Note+CoreDataClass.m in Sources */ = {isa = PBXBuildFile; fileRef = 920AD0CF1FBCC99E0092CAE4 /* Note+CoreDataClass.m */; };
		920AD0D31FBCC99E0092CAE4 /* Note+CoreDataProperties.m in Sources */ = {isa = PBXBuildFile; fileRef = 920AD0D11FBCC99E0092CAE4 /* Note+CoreDataProperties.m */; };
		920AD0D61FBCCA3E0092CAE4 /* DataManager+Notes.m in Sources */ = {isa = PBXBuildFile; fileRef = 920AD0D51FBCCA3E0092CAE4 /* DataManager+Notes.m */; };
		920AD0DB1FBF552B0092CAE4 /* NetworkManager.m in Sources */ = {isa = PBXBuildFile; fileRef = 920AD0DA1FBF552B0092CAE4 /* NetworkManager.m */; };
		920AD0DF1FBF55D80092CAE4 /* GlobalConstants.m in Sources */ = {isa = PBXBuildFile; fileRef = 920AD0DE1FBF55D80092CAE4 /* GlobalConstants.m */; };
		920AD0E21FBF5BDF0092CAE4 /* NetworkManager+News.m in Sources */ = {isa = PBXBuildFile; fileRef = 920AD0E11FBF5BDF0092CAE4 /* NetworkManager+News.m */; };
		922155341FC3450C00F658A6 /* NewsItem.m in Sources */ = {isa = PBXBuildFile; fileRef = 922155331FC3450C00F658A6 /* NewsItem.m */; };
/* End PBXBuildFile section */

/* Begin PBXContainerItemProxy section */
		920AD05B1FBB5F710092CAE4 /* PBXContainerItemProxy */ = {
			isa = PBXContainerItemProxy;
			containerPortal = 920AD03A1FBB5F700092CAE4 /* Project object */;
			proxyType = 1;
			remoteGlobalIDString = 920AD0411FBB5F700092CAE4;
			remoteInfo = Final_App;
		};
		920AD0661FBB5F710092CAE4 /* PBXContainerItemProxy */ = {
			isa = PBXContainerItemProxy;
			containerPortal = 920AD03A1FBB5F700092CAE4 /* Project object */;
			proxyType = 1;
			remoteGlobalIDString = 920AD0411FBB5F700092CAE4;
			remoteInfo = Final_App;
		};
/* End PBXContainerItemProxy section */

/* Begin PBXFileReference section */
		920AD0421FBB5F700092CAE4 /* Final_App.app */ = {isa = PBXFileReference; explicitFileType = wrapper.application; includeInIndex = 0; path = Final_App.app; sourceTree = BUILT_PRODUCTS_DIR; };
		920AD0451FBB5F700092CAE4 /* AppDelegate.h */ = {isa = PBXFileReference; lastKnownFileType = sourcecode.c.h; path = AppDelegate.h; sourceTree = "<group>"; };
		920AD0461FBB5F700092CAE4 /* AppDelegate.m */ = {isa = PBXFileReference; lastKnownFileType = sourcecode.c.objc; path = AppDelegate.m; sourceTree = "<group>"; };
		920AD0481FBB5F700092CAE4 /* ViewController.h */ = {isa = PBXFileReference; lastKnownFileType = sourcecode.c.h; path = ViewController.h; sourceTree = "<group>"; };
		920AD0491FBB5F700092CAE4 /* ViewController.m */ = {isa = PBXFileReference; lastKnownFileType = sourcecode.c.objc; path = ViewController.m; sourceTree = "<group>"; };
		920AD04C1FBB5F700092CAE4 /* Base */ = {isa = PBXFileReference; lastKnownFileType = file.storyboard; name = Base; path = Base.lproj/Main.storyboard; sourceTree = "<group>"; };
		920AD04E1FBB5F700092CAE4 /* Assets.xcassets */ = {isa = PBXFileReference; lastKnownFileType = folder.assetcatalog; path = Assets.xcassets; sourceTree = "<group>"; };
		920AD0511FBB5F700092CAE4 /* Base */ = {isa = PBXFileReference; lastKnownFileType = file.storyboard; name = Base; path = Base.lproj/LaunchScreen.storyboard; sourceTree = "<group>"; };
		920AD0531FBB5F700092CAE4 /* Info.plist */ = {isa = PBXFileReference; lastKnownFileType = text.plist.xml; path = Info.plist; sourceTree = "<group>"; };
		920AD0541FBB5F700092CAE4 /* main.m */ = {isa = PBXFileReference; lastKnownFileType = sourcecode.c.objc; path = main.m; sourceTree = "<group>"; };
		920AD05A1FBB5F710092CAE4 /* Final_AppTests.xctest */ = {isa = PBXFileReference; explicitFileType = wrapper.cfbundle; includeInIndex = 0; path = Final_AppTests.xctest; sourceTree = BUILT_PRODUCTS_DIR; };
		920AD05E1FBB5F710092CAE4 /* Final_AppTests.m */ = {isa = PBXFileReference; lastKnownFileType = sourcecode.c.objc; path = Final_AppTests.m; sourceTree = "<group>"; };
		920AD0601FBB5F710092CAE4 /* Info.plist */ = {isa = PBXFileReference; lastKnownFileType = text.plist.xml; path = Info.plist; sourceTree = "<group>"; };
		920AD0651FBB5F710092CAE4 /* Final_AppUITests.xctest */ = {isa = PBXFileReference; explicitFileType = wrapper.cfbundle; includeInIndex = 0; path = Final_AppUITests.xctest; sourceTree = BUILT_PRODUCTS_DIR; };
		920AD0691FBB5F710092CAE4 /* Final_AppUITests.m */ = {isa = PBXFileReference; lastKnownFileType = sourcecode.c.objc; path = Final_AppUITests.m; sourceTree = "<group>"; };
		920AD06B1FBB5F710092CAE4 /* Info.plist */ = {isa = PBXFileReference; lastKnownFileType = text.plist.xml; path = Info.plist; sourceTree = "<group>"; };
		920AD09D1FBB725E0092CAE4 /* NotesViewController.h */ = {isa = PBXFileReference; lastKnownFileType = sourcecode.c.h; path = NotesViewController.h; sourceTree = "<group>"; };
		920AD09E1FBB725E0092CAE4 /* NotesViewController.m */ = {isa = PBXFileReference; lastKnownFileType = sourcecode.c.objc; path = NotesViewController.m; sourceTree = "<group>"; };
		920AD0A01FBB727D0092CAE4 /* NewsViewController.h */ = {isa = PBXFileReference; lastKnownFileType = sourcecode.c.h; path = NewsViewController.h; sourceTree = "<group>"; };
		920AD0A11FBB727D0092CAE4 /* NewsViewController.m */ = {isa = PBXFileReference; lastKnownFileType = sourcecode.c.objc; path = NewsViewController.m; sourceTree = "<group>"; };
		920AD0A31FBB72A00092CAE4 /* MapViewController.h */ = {isa = PBXFileReference; lastKnownFileType = sourcecode.c.h; path = MapViewController.h; sourceTree = "<group>"; };
		920AD0A41FBB72A00092CAE4 /* MapViewController.m */ = {isa = PBXFileReference; lastKnownFileType = sourcecode.c.objc; path = MapViewController.m; sourceTree = "<group>"; };
		920AD0A61FBB72D10092CAE4 /* SettingsViewController.h */ = {isa = PBXFileReference; lastKnownFileType = sourcecode.c.h; path = SettingsViewController.h; sourceTree = "<group>"; };
		920AD0A71FBB72D10092CAE4 /* SettingsViewController.m */ = {isa = PBXFileReference; lastKnownFileType = sourcecode.c.objc; path = SettingsViewController.m; sourceTree = "<group>"; };
		920AD0A91FBB72E90092CAE4 /* WeatherViewController.h */ = {isa = PBXFileReference; lastKnownFileType = sourcecode.c.h; path = WeatherViewController.h; sourceTree = "<group>"; };
		920AD0AA1FBB72E90092CAE4 /* WeatherViewController.m */ = {isa = PBXFileReference; lastKnownFileType = sourcecode.c.objc; path = WeatherViewController.m; sourceTree = "<group>"; };
		920AD0AC1FBB77250092CAE4 /* NewsModel.h */ = {isa = PBXFileReference; lastKnownFileType = sourcecode.c.h; path = NewsModel.h; sourceTree = "<group>"; };
		920AD0AD1FBB77250092CAE4 /* NewsModel.m */ = {isa = PBXFileReference; lastKnownFileType = sourcecode.c.objc; path = NewsModel.m; sourceTree = "<group>"; };
		920AD0AF1FBB77400092CAE4 /* MapModule.h */ = {isa = PBXFileReference; lastKnownFileType = sourcecode.c.h; path = MapModule.h; sourceTree = "<group>"; };
		920AD0B01FBB77400092CAE4 /* MapModule.m */ = {isa = PBXFileReference; lastKnownFileType = sourcecode.c.objc; path = MapModule.m; sourceTree = "<group>"; };
		920AD0B21FBB77580092CAE4 /* NotesModule.h */ = {isa = PBXFileReference; lastKnownFileType = sourcecode.c.h; path = NotesModule.h; sourceTree = "<group>"; };
		920AD0B31FBB77580092CAE4 /* NotesModule.m */ = {isa = PBXFileReference; lastKnownFileType = sourcecode.c.objc; path = NotesModule.m; sourceTree = "<group>"; };
		920AD0B51FBB77790092CAE4 /* SettingsModule.h */ = {isa = PBXFileReference; lastKnownFileType = sourcecode.c.h; path = SettingsModule.h; sourceTree = "<group>"; };
		920AD0B61FBB77790092CAE4 /* SettingsModule.m */ = {isa = PBXFileReference; lastKnownFileType = sourcecode.c.objc; path = SettingsModule.m; sourceTree = "<group>"; };
		920AD0B81FBB77910092CAE4 /* WeatherModule.h */ = {isa = PBXFileReference; lastKnownFileType = sourcecode.c.h; path = WeatherModule.h; sourceTree = "<group>"; };
		920AD0B91FBB77910092CAE4 /* WeatherModule.m */ = {isa = PBXFileReference; lastKnownFileType = sourcecode.c.objc; path = WeatherModule.m; sourceTree = "<group>"; };
		920AD0BB1FBB7A6C0092CAE4 /* NotesModuleProtocol.h */ = {isa = PBXFileReference; lastKnownFileType = sourcecode.c.h; path = NotesModuleProtocol.h; sourceTree = "<group>"; };
		920AD0BC1FBB7A8B0092CAE4 /* NewsModuleProtocol.h */ = {isa = PBXFileReference; lastKnownFileType = sourcecode.c.h; path = NewsModuleProtocol.h; sourceTree = "<group>"; };
		920AD0BD1FBB7AB10092CAE4 /* NotesModuleProtocol.h */ = {isa = PBXFileReference; lastKnownFileType = sourcecode.c.h; path = NotesModuleProtocol.h; sourceTree = "<group>"; };
		920AD0BE1FBB7ACE0092CAE4 /* SettingsModuleProtocol.h */ = {isa = PBXFileReference; lastKnownFileType = sourcecode.c.h; path = SettingsModuleProtocol.h; sourceTree = "<group>"; };
		920AD0BF1FBB7AEC0092CAE4 /* WeatherModuleProtocol.h */ = {isa = PBXFileReference; lastKnownFileType = sourcecode.c.h; path = WeatherModuleProtocol.h; sourceTree = "<group>"; };
		920AD0C61FBCBB4B0092CAE4 /* DataManager.h */ = {isa = PBXFileReference; lastKnownFileType = sourcecode.c.h; path = DataManager.h; sourceTree = "<group>"; };
		920AD0C71FBCBB4B0092CAE4 /* DataManager.m */ = {isa = PBXFileReference; lastKnownFileType = sourcecode.c.objc; path = DataManager.m; sourceTree = "<group>"; };
		920AD0CB1FBCBF160092CAE4 /* Model.xcdatamodel */ = {isa = PBXFileReference; lastKnownFileType = wrapper.xcdatamodel; path = Model.xcdatamodel; sourceTree = "<group>"; };
		920AD0CE1FBCC99E0092CAE4 /* Note+CoreDataClass.h */ = {isa = PBXFileReference; lastKnownFileType = sourcecode.c.h; path = "Note+CoreDataClass.h"; sourceTree = "<group>"; };
		920AD0CF1FBCC99E0092CAE4 /* Note+CoreDataClass.m */ = {isa = PBXFileReference; lastKnownFileType = sourcecode.c.objc; path = "Note+CoreDataClass.m"; sourceTree = "<group>"; };
		920AD0D01FBCC99E0092CAE4 /* Note+CoreDataProperties.h */ = {isa = PBXFileReference; lastKnownFileType = sourcecode.c.h; path = "Note+CoreDataProperties.h"; sourceTree = "<group>"; };
		920AD0D11FBCC99E0092CAE4 /* Note+CoreDataProperties.m */ = {isa = PBXFileReference; lastKnownFileType = sourcecode.c.objc; path = "Note+CoreDataProperties.m"; sourceTree = "<group>"; };
		920AD0D41FBCCA3E0092CAE4 /* DataManager+Notes.h */ = {isa = PBXFileReference; lastKnownFileType = sourcecode.c.h; path = "DataManager+Notes.h"; sourceTree = "<group>"; };
		920AD0D51FBCCA3E0092CAE4 /* DataManager+Notes.m */ = {isa = PBXFileReference; lastKnownFileType = sourcecode.c.objc; path = "DataManager+Notes.m"; sourceTree = "<group>"; };
		920AD0D91FBF552B0092CAE4 /* NetworkManager.h */ = {isa = PBXFileReference; lastKnownFileType = sourcecode.c.h; path = NetworkManager.h; sourceTree = "<group>"; };
		920AD0DA1FBF552B0092CAE4 /* NetworkManager.m */ = {isa = PBXFileReference; lastKnownFileType = sourcecode.c.objc; path = NetworkManager.m; sourceTree = "<group>"; };
		920AD0DD1FBF55D80092CAE4 /* GlobalConstants.h */ = {isa = PBXFileReference; lastKnownFileType = sourcecode.c.h; path = GlobalConstants.h; sourceTree = "<group>"; };
		920AD0DE1FBF55D80092CAE4 /* GlobalConstants.m */ = {isa = PBXFileReference; lastKnownFileType = sourcecode.c.objc; path = GlobalConstants.m; sourceTree = "<group>"; };
		920AD0E01FBF5BDF0092CAE4 /* NetworkManager+News.h */ = {isa = PBXFileReference; lastKnownFileType = sourcecode.c.h; path = "NetworkManager+News.h"; sourceTree = "<group>"; };
		920AD0E11FBF5BDF0092CAE4 /* NetworkManager+News.m */ = {isa = PBXFileReference; lastKnownFileType = sourcecode.c.objc; path = "NetworkManager+News.m"; sourceTree = "<group>"; };
		922155321FC3450C00F658A6 /* NewsItem.h */ = {isa = PBXFileReference; lastKnownFileType = sourcecode.c.h; path = NewsItem.h; sourceTree = "<group>"; };
		922155331FC3450C00F658A6 /* NewsItem.m */ = {isa = PBXFileReference; lastKnownFileType = sourcecode.c.objc; path = NewsItem.m; sourceTree = "<group>"; };
/* End PBXFileReference section */

/* Begin PBXFrameworksBuildPhase section */
		920AD03F1FBB5F700092CAE4 /* Frameworks */ = {
			isa = PBXFrameworksBuildPhase;
			buildActionMask = 2147483647;
			files = (
			);
			runOnlyForDeploymentPostprocessing = 0;
		};
		920AD0571FBB5F710092CAE4 /* Frameworks */ = {
			isa = PBXFrameworksBuildPhase;
			buildActionMask = 2147483647;
			files = (
			);
			runOnlyForDeploymentPostprocessing = 0;
		};
		920AD0621FBB5F710092CAE4 /* Frameworks */ = {
			isa = PBXFrameworksBuildPhase;
			buildActionMask = 2147483647;
			files = (
			);
			runOnlyForDeploymentPostprocessing = 0;
		};
/* End PBXFrameworksBuildPhase section */

/* Begin PBXGroup section */
		920AD0391FBB5F700092CAE4 = {
			isa = PBXGroup;
			children = (
				920AD0441FBB5F700092CAE4 /* Final_App */,
				920AD05D1FBB5F710092CAE4 /* Final_AppTests */,
				920AD0681FBB5F710092CAE4 /* Final_AppUITests */,
				920AD0431FBB5F700092CAE4 /* Products */,
			);
			sourceTree = "<group>";
		};
		920AD0431FBB5F700092CAE4 /* Products */ = {
			isa = PBXGroup;
			children = (
				920AD0421FBB5F700092CAE4 /* Final_App.app */,
				920AD05A1FBB5F710092CAE4 /* Final_AppTests.xctest */,
				920AD0651FBB5F710092CAE4 /* Final_AppUITests.xctest */,
			);
			name = Products;
			sourceTree = "<group>";
		};
		920AD0441FBB5F700092CAE4 /* Final_App */ = {
			isa = PBXGroup;
			children = (
				920AD0C11FBCBA800092CAE4 /* Library */,
				920AD07E1FBB69670092CAE4 /* Userstory */,
				920AD0451FBB5F700092CAE4 /* AppDelegate.h */,
				920AD0461FBB5F700092CAE4 /* AppDelegate.m */,
				920AD0481FBB5F700092CAE4 /* ViewController.h */,
				920AD0491FBB5F700092CAE4 /* ViewController.m */,
				920AD04B1FBB5F700092CAE4 /* Main.storyboard */,
				920AD04E1FBB5F700092CAE4 /* Assets.xcassets */,
				920AD0501FBB5F700092CAE4 /* LaunchScreen.storyboard */,
				920AD0531FBB5F700092CAE4 /* Info.plist */,
				920AD0541FBB5F700092CAE4 /* main.m */,
			);
			path = Final_App;
			sourceTree = "<group>";
		};
		920AD05D1FBB5F710092CAE4 /* Final_AppTests */ = {
			isa = PBXGroup;
			children = (
				920AD05E1FBB5F710092CAE4 /* Final_AppTests.m */,
				920AD0601FBB5F710092CAE4 /* Info.plist */,
			);
			path = Final_AppTests;
			sourceTree = "<group>";
		};
		920AD0681FBB5F710092CAE4 /* Final_AppUITests */ = {
			isa = PBXGroup;
			children = (
				920AD0691FBB5F710092CAE4 /* Final_AppUITests.m */,
				920AD06B1FBB5F710092CAE4 /* Info.plist */,
			);
			path = Final_AppUITests;
			sourceTree = "<group>";
		};
		920AD07E1FBB69670092CAE4 /* Userstory */ = {
			isa = PBXGroup;
			children = (
				920AD07F1FBB69670092CAE4 /* MapModule */,
				920AD0851FBB69670092CAE4 /* NewsModule */,
				920AD08B1FBB69670092CAE4 /* NotesModule */,
				920AD0911FBB69670092CAE4 /* SettingsModule */,
				920AD0971FBB69670092CAE4 /* WeatherModule */,
			);
			path = Userstory;
			sourceTree = "<group>";
		};
		920AD07F1FBB69670092CAE4 /* MapModule */ = {
			isa = PBXGroup;
			children = (
				920AD0801FBB69670092CAE4 /* MVC */,
				920AD0841FBB69670092CAE4 /* Protocol */,
			);
			path = MapModule;
			sourceTree = "<group>";
		};
		920AD0801FBB69670092CAE4 /* MVC */ = {
			isa = PBXGroup;
			children = (
				920AD0811FBB69670092CAE4 /* Controller */,
				920AD0821FBB69670092CAE4 /* Model */,
				920AD0831FBB69670092CAE4 /* View */,
			);
			path = MVC;
			sourceTree = "<group>";
		};
		920AD0811FBB69670092CAE4 /* Controller */ = {
			isa = PBXGroup;
			children = (
				920AD0A31FBB72A00092CAE4 /* MapViewController.h */,
				920AD0A41FBB72A00092CAE4 /* MapViewController.m */,
			);
			path = Controller;
			sourceTree = "<group>";
		};
		920AD0821FBB69670092CAE4 /* Model */ = {
			isa = PBXGroup;
			children = (
				920AD0AF1FBB77400092CAE4 /* MapModule.h */,
				920AD0B01FBB77400092CAE4 /* MapModule.m */,
			);
			path = Model;
			sourceTree = "<group>";
		};
		920AD0831FBB69670092CAE4 /* View */ = {
			isa = PBXGroup;
			children = (
			);
			path = View;
			sourceTree = "<group>";
		};
		920AD0841FBB69670092CAE4 /* Protocol */ = {
			isa = PBXGroup;
			children = (
				920AD0BB1FBB7A6C0092CAE4 /* NotesModuleProtocol.h */,
			);
			path = Protocol;
			sourceTree = "<group>";
		};
		920AD0851FBB69670092CAE4 /* NewsModule */ = {
			isa = PBXGroup;
			children = (
				920AD0861FBB69670092CAE4 /* MVC */,
				920AD08A1FBB69670092CAE4 /* Protocol */,
			);
			path = NewsModule;
			sourceTree = "<group>";
		};
		920AD0861FBB69670092CAE4 /* MVC */ = {
			isa = PBXGroup;
			children = (
				920AD0871FBB69670092CAE4 /* Controller */,
				920AD0881FBB69670092CAE4 /* Model */,
				920AD0891FBB69670092CAE4 /* View */,
			);
			path = MVC;
			sourceTree = "<group>";
		};
		920AD0871FBB69670092CAE4 /* Controller */ = {
			isa = PBXGroup;
			children = (
				920AD0A01FBB727D0092CAE4 /* NewsViewController.h */,
				920AD0A11FBB727D0092CAE4 /* NewsViewController.m */,
			);
			path = Controller;
			sourceTree = "<group>";
		};
		920AD0881FBB69670092CAE4 /* Model */ = {
			isa = PBXGroup;
			children = (
				920AD0AC1FBB77250092CAE4 /* NewsModel.h */,
				920AD0AD1FBB77250092CAE4 /* NewsModel.m */,
				922155321FC3450C00F658A6 /* NewsItem.h */,
				922155331FC3450C00F658A6 /* NewsItem.m */,
			);
			path = Model;
			sourceTree = "<group>";
		};
		920AD0891FBB69670092CAE4 /* View */ = {
			isa = PBXGroup;
			children = (
			);
			path = View;
			sourceTree = "<group>";
		};
		920AD08A1FBB69670092CAE4 /* Protocol */ = {
			isa = PBXGroup;
			children = (
				920AD0BC1FBB7A8B0092CAE4 /* NewsModuleProtocol.h */,
			);
			path = Protocol;
			sourceTree = "<group>";
		};
		920AD08B1FBB69670092CAE4 /* NotesModule */ = {
			isa = PBXGroup;
			children = (
				920AD08C1FBB69670092CAE4 /* MVC */,
				920AD0901FBB69670092CAE4 /* Protocol */,
			);
			path = NotesModule;
			sourceTree = "<group>";
		};
		920AD08C1FBB69670092CAE4 /* MVC */ = {
			isa = PBXGroup;
			children = (
				920AD08D1FBB69670092CAE4 /* Controller */,
				920AD08E1FBB69670092CAE4 /* Model */,
				920AD08F1FBB69670092CAE4 /* View */,
			);
			path = MVC;
			sourceTree = "<group>";
		};
		920AD08D1FBB69670092CAE4 /* Controller */ = {
			isa = PBXGroup;
			children = (
				920AD09D1FBB725E0092CAE4 /* NotesViewController.h */,
				920AD09E1FBB725E0092CAE4 /* NotesViewController.m */,
			);
			path = Controller;
			sourceTree = "<group>";
		};
		920AD08E1FBB69670092CAE4 /* Model */ = {
			isa = PBXGroup;
			children = (
				920AD0B21FBB77580092CAE4 /* NotesModule.h */,
				920AD0B31FBB77580092CAE4 /* NotesModule.m */,
			);
			path = Model;
			sourceTree = "<group>";
		};
		920AD08F1FBB69670092CAE4 /* View */ = {
			isa = PBXGroup;
			children = (
			);
			path = View;
			sourceTree = "<group>";
		};
		920AD0901FBB69670092CAE4 /* Protocol */ = {
			isa = PBXGroup;
			children = (
				920AD0BD1FBB7AB10092CAE4 /* NotesModuleProtocol.h */,
			);
			path = Protocol;
			sourceTree = "<group>";
		};
		920AD0911FBB69670092CAE4 /* SettingsModule */ = {
			isa = PBXGroup;
			children = (
				920AD0921FBB69670092CAE4 /* MVC */,
				920AD0961FBB69670092CAE4 /* Protocol */,
			);
			path = SettingsModule;
			sourceTree = "<group>";
		};
		920AD0921FBB69670092CAE4 /* MVC */ = {
			isa = PBXGroup;
			children = (
				920AD0931FBB69670092CAE4 /* Controller */,
				920AD0941FBB69670092CAE4 /* Model */,
				920AD0951FBB69670092CAE4 /* View */,
			);
			path = MVC;
			sourceTree = "<group>";
		};
		920AD0931FBB69670092CAE4 /* Controller */ = {
			isa = PBXGroup;
			children = (
				920AD0A61FBB72D10092CAE4 /* SettingsViewController.h */,
				920AD0A71FBB72D10092CAE4 /* SettingsViewController.m */,
			);
			path = Controller;
			sourceTree = "<group>";
		};
		920AD0941FBB69670092CAE4 /* Model */ = {
			isa = PBXGroup;
			children = (
				920AD0B51FBB77790092CAE4 /* SettingsModule.h */,
				920AD0B61FBB77790092CAE4 /* SettingsModule.m */,
			);
			path = Model;
			sourceTree = "<group>";
		};
		920AD0951FBB69670092CAE4 /* View */ = {
			isa = PBXGroup;
			children = (
			);
			path = View;
			sourceTree = "<group>";
		};
		920AD0961FBB69670092CAE4 /* Protocol */ = {
			isa = PBXGroup;
			children = (
				920AD0BE1FBB7ACE0092CAE4 /* SettingsModuleProtocol.h */,
			);
			path = Protocol;
			sourceTree = "<group>";
		};
		920AD0971FBB69670092CAE4 /* WeatherModule */ = {
			isa = PBXGroup;
			children = (
				920AD0981FBB69670092CAE4 /* MVC */,
				920AD09C1FBB69670092CAE4 /* Protocol */,
			);
			path = WeatherModule;
			sourceTree = "<group>";
		};
		920AD0981FBB69670092CAE4 /* MVC */ = {
			isa = PBXGroup;
			children = (
				920AD0991FBB69670092CAE4 /* Controller */,
				920AD09A1FBB69670092CAE4 /* Model */,
				920AD09B1FBB69670092CAE4 /* View */,
			);
			path = MVC;
			sourceTree = "<group>";
		};
		920AD0991FBB69670092CAE4 /* Controller */ = {
			isa = PBXGroup;
			children = (
				920AD0A91FBB72E90092CAE4 /* WeatherViewController.h */,
				920AD0AA1FBB72E90092CAE4 /* WeatherViewController.m */,
			);
			path = Controller;
			sourceTree = "<group>";
		};
		920AD09A1FBB69670092CAE4 /* Model */ = {
			isa = PBXGroup;
			children = (
				920AD0B81FBB77910092CAE4 /* WeatherModule.h */,
				920AD0B91FBB77910092CAE4 /* WeatherModule.m */,
			);
			path = Model;
			sourceTree = "<group>";
		};
		920AD09B1FBB69670092CAE4 /* View */ = {
			isa = PBXGroup;
			children = (
			);
			path = View;
			sourceTree = "<group>";
		};
		920AD09C1FBB69670092CAE4 /* Protocol */ = {
			isa = PBXGroup;
			children = (
				920AD0BF1FBB7AEC0092CAE4 /* WeatherModuleProtocol.h */,
			);
			path = Protocol;
			sourceTree = "<group>";
		};
		920AD0C11FBCBA800092CAE4 /* Library */ = {
			isa = PBXGroup;
			children = (
				920AD0DC1FBF55AD0092CAE4 /* GlobalConstants */,
				920AD0D81FBF54D40092CAE4 /* NetworkService */,
				920AD0C21FBCBAA50092CAE4 /* Storage */,
			);
			path = Library;
			sourceTree = "<group>";
		};
		920AD0C21FBCBAA50092CAE4 /* Storage */ = {
			isa = PBXGroup;
			children = (
				920AD0C91FBCBEF50092CAE4 /* DataModel */,
				920AD0C51FBCBAFE0092CAE4 /* Entities */,
				920AD0C41FBCBAE80092CAE4 /* DataManager */,
			);
			path = Storage;
			sourceTree = "<group>";
		};
		920AD0C41FBCBAE80092CAE4 /* DataManager */ = {
			isa = PBXGroup;
			children = (
				920AD0C61FBCBB4B0092CAE4 /* DataManager.h */,
				920AD0C71FBCBB4B0092CAE4 /* DataManager.m */,
				920AD0D41FBCCA3E0092CAE4 /* DataManager+Notes.h */,
				920AD0D51FBCCA3E0092CAE4 /* DataManager+Notes.m */,
			);
			path = DataManager;
			sourceTree = "<group>";
		};
		920AD0C51FBCBAFE0092CAE4 /* Entities */ = {
			isa = PBXGroup;
			children = (
				920AD0CD1FBCC8D00092CAE4 /* Notes */,
			);
			path = Entities;
			sourceTree = "<group>";
		};
		920AD0C91FBCBEF50092CAE4 /* DataModel */ = {
			isa = PBXGroup;
			children = (
				920AD0CA1FBCBF160092CAE4 /* AppDataModel.xcdatamodeld */,
			);
			path = DataModel;
			sourceTree = "<group>";
		};
		920AD0CD1FBCC8D00092CAE4 /* Notes */ = {
			isa = PBXGroup;
			children = (
				920AD0CE1FBCC99E0092CAE4 /* Note+CoreDataClass.h */,
				920AD0CF1FBCC99E0092CAE4 /* Note+CoreDataClass.m */,
				920AD0D01FBCC99E0092CAE4 /* Note+CoreDataProperties.h */,
				920AD0D11FBCC99E0092CAE4 /* Note+CoreDataProperties.m */,
			);
			path = Notes;
			sourceTree = "<group>";
		};
		920AD0D81FBF54D40092CAE4 /* NetworkService */ = {
			isa = PBXGroup;
			children = (
				920AD0D91FBF552B0092CAE4 /* NetworkManager.h */,
				920AD0DA1FBF552B0092CAE4 /* NetworkManager.m */,
				920AD0E01FBF5BDF0092CAE4 /* NetworkManager+News.h */,
				920AD0E11FBF5BDF0092CAE4 /* NetworkManager+News.m */,
			);
			path = NetworkService;
			sourceTree = "<group>";
		};
		920AD0DC1FBF55AD0092CAE4 /* GlobalConstants */ = {
			isa = PBXGroup;
			children = (
				920AD0DD1FBF55D80092CAE4 /* GlobalConstants.h */,
				920AD0DE1FBF55D80092CAE4 /* GlobalConstants.m */,
			);
			path = GlobalConstants;
			sourceTree = "<group>";
		};
/* End PBXGroup section */

/* Begin PBXNativeTarget section */
		920AD0411FBB5F700092CAE4 /* Final_App */ = {
			isa = PBXNativeTarget;
			buildConfigurationList = 920AD06E1FBB5F710092CAE4 /* Build configuration list for PBXNativeTarget "Final_App" */;
			buildPhases = (
				920AD03E1FBB5F700092CAE4 /* Sources */,
				920AD03F1FBB5F700092CAE4 /* Frameworks */,
				920AD0401FBB5F700092CAE4 /* Resources */,
			);
			buildRules = (
			);
			dependencies = (
			);
			name = Final_App;
			productName = Final_App;
			productReference = 920AD0421FBB5F700092CAE4 /* Final_App.app */;
			productType = "com.apple.product-type.application";
		};
		920AD0591FBB5F710092CAE4 /* Final_AppTests */ = {
			isa = PBXNativeTarget;
			buildConfigurationList = 920AD0711FBB5F710092CAE4 /* Build configuration list for PBXNativeTarget "Final_AppTests" */;
			buildPhases = (
				920AD0561FBB5F710092CAE4 /* Sources */,
				920AD0571FBB5F710092CAE4 /* Frameworks */,
				920AD0581FBB5F710092CAE4 /* Resources */,
			);
			buildRules = (
			);
			dependencies = (
				920AD05C1FBB5F710092CAE4 /* PBXTargetDependency */,
			);
			name = Final_AppTests;
			productName = Final_AppTests;
			productReference = 920AD05A1FBB5F710092CAE4 /* Final_AppTests.xctest */;
			productType = "com.apple.product-type.bundle.unit-test";
		};
		920AD0641FBB5F710092CAE4 /* Final_AppUITests */ = {
			isa = PBXNativeTarget;
			buildConfigurationList = 920AD0741FBB5F710092CAE4 /* Build configuration list for PBXNativeTarget "Final_AppUITests" */;
			buildPhases = (
				920AD0611FBB5F710092CAE4 /* Sources */,
				920AD0621FBB5F710092CAE4 /* Frameworks */,
				920AD0631FBB5F710092CAE4 /* Resources */,
			);
			buildRules = (
			);
			dependencies = (
				920AD0671FBB5F710092CAE4 /* PBXTargetDependency */,
			);
			name = Final_AppUITests;
			productName = Final_AppUITests;
			productReference = 920AD0651FBB5F710092CAE4 /* Final_AppUITests.xctest */;
			productType = "com.apple.product-type.bundle.ui-testing";
		};
/* End PBXNativeTarget section */

/* Begin PBXProject section */
		920AD03A1FBB5F700092CAE4 /* Project object */ = {
			isa = PBXProject;
			attributes = {
				LastUpgradeCheck = 0910;
				ORGANIZATIONNAME = Denis;
				TargetAttributes = {
					920AD0411FBB5F700092CAE4 = {
						CreatedOnToolsVersion = 9.1;
						ProvisioningStyle = Automatic;
					};
					920AD0591FBB5F710092CAE4 = {
						CreatedOnToolsVersion = 9.1;
						ProvisioningStyle = Automatic;
						TestTargetID = 920AD0411FBB5F700092CAE4;
					};
					920AD0641FBB5F710092CAE4 = {
						CreatedOnToolsVersion = 9.1;
						ProvisioningStyle = Automatic;
						TestTargetID = 920AD0411FBB5F700092CAE4;
					};
				};
			};
			buildConfigurationList = 920AD03D1FBB5F700092CAE4 /* Build configuration list for PBXProject "Final_App" */;
			compatibilityVersion = "Xcode 8.0";
			developmentRegion = en;
			hasScannedForEncodings = 0;
			knownRegions = (
				en,
				Base,
			);
			mainGroup = 920AD0391FBB5F700092CAE4;
			productRefGroup = 920AD0431FBB5F700092CAE4 /* Products */;
			projectDirPath = "";
			projectRoot = "";
			targets = (
				920AD0411FBB5F700092CAE4 /* Final_App */,
				920AD0591FBB5F710092CAE4 /* Final_AppTests */,
				920AD0641FBB5F710092CAE4 /* Final_AppUITests */,
			);
		};
/* End PBXProject section */

/* Begin PBXResourcesBuildPhase section */
		920AD0401FBB5F700092CAE4 /* Resources */ = {
			isa = PBXResourcesBuildPhase;
			buildActionMask = 2147483647;
			files = (
				920AD0521FBB5F700092CAE4 /* LaunchScreen.storyboard in Resources */,
				920AD04F1FBB5F700092CAE4 /* Assets.xcassets in Resources */,
				920AD04D1FBB5F700092CAE4 /* Main.storyboard in Resources */,
			);
			runOnlyForDeploymentPostprocessing = 0;
		};
		920AD0581FBB5F710092CAE4 /* Resources */ = {
			isa = PBXResourcesBuildPhase;
			buildActionMask = 2147483647;
			files = (
			);
			runOnlyForDeploymentPostprocessing = 0;
		};
		920AD0631FBB5F710092CAE4 /* Resources */ = {
			isa = PBXResourcesBuildPhase;
			buildActionMask = 2147483647;
			files = (
			);
			runOnlyForDeploymentPostprocessing = 0;
		};
/* End PBXResourcesBuildPhase section */

/* Begin PBXSourcesBuildPhase section */
		920AD03E1FBB5F700092CAE4 /* Sources */ = {
			isa = PBXSourcesBuildPhase;
			buildActionMask = 2147483647;
			files = (
				920AD09F1FBB725E0092CAE4 /* NotesViewController.m in Sources */,
				920AD0BA1FBB77910092CAE4 /* WeatherModule.m in Sources */,
				920AD0CC1FBCBF160092CAE4 /* AppDataModel.xcdatamodeld in Sources */,
				920AD0D61FBCCA3E0092CAE4 /* DataManager+Notes.m in Sources */,
				920AD0AB1FBB72E90092CAE4 /* WeatherViewController.m in Sources */,
				920AD0B11FBB77400092CAE4 /* MapModule.m in Sources */,
				920AD0DF1FBF55D80092CAE4 /* GlobalConstants.m in Sources */,
				920AD04A1FBB5F700092CAE4 /* ViewController.m in Sources */,
				920AD0A21FBB727D0092CAE4 /* NewsViewController.m in Sources */,
				920AD0E21FBF5BDF0092CAE4 /* NetworkManager+News.m in Sources */,
				920AD0B41FBB77580092CAE4 /* NotesModule.m in Sources */,
				920AD0B71FBB77790092CAE4 /* SettingsModule.m in Sources */,
				920AD0D21FBCC99E0092CAE4 /* Note+CoreDataClass.m in Sources */,
				922155341FC3450C00F658A6 /* NewsItem.m in Sources */,
				920AD0AE1FBB77250092CAE4 /* NewsModel.m in Sources */,
				920AD0C81FBCBB4B0092CAE4 /* DataManager.m in Sources */,
				920AD0DB1FBF552B0092CAE4 /* NetworkManager.m in Sources */,
				920AD0A51FBB72A00092CAE4 /* MapViewController.m in Sources */,
				920AD0551FBB5F700092CAE4 /* main.m in Sources */,
				920AD0D31FBCC99E0092CAE4 /* Note+CoreDataProperties.m in Sources */,
				920AD0471FBB5F700092CAE4 /* AppDelegate.m in Sources */,
				920AD0A81FBB72D10092CAE4 /* SettingsViewController.m in Sources */,
			);
			runOnlyForDeploymentPostprocessing = 0;
		};
		920AD0561FBB5F710092CAE4 /* Sources */ = {
			isa = PBXSourcesBuildPhase;
			buildActionMask = 2147483647;
			files = (
				920AD05F1FBB5F710092CAE4 /* Final_AppTests.m in Sources */,
			);
			runOnlyForDeploymentPostprocessing = 0;
		};
		920AD0611FBB5F710092CAE4 /* Sources */ = {
			isa = PBXSourcesBuildPhase;
			buildActionMask = 2147483647;
			files = (
				920AD06A1FBB5F710092CAE4 /* Final_AppUITests.m in Sources */,
			);
			runOnlyForDeploymentPostprocessing = 0;
		};
/* End PBXSourcesBuildPhase section */

/* Begin PBXTargetDependency section */
		920AD05C1FBB5F710092CAE4 /* PBXTargetDependency */ = {
			isa = PBXTargetDependency;
			target = 920AD0411FBB5F700092CAE4 /* Final_App */;
			targetProxy = 920AD05B1FBB5F710092CAE4 /* PBXContainerItemProxy */;
		};
		920AD0671FBB5F710092CAE4 /* PBXTargetDependency */ = {
			isa = PBXTargetDependency;
			target = 920AD0411FBB5F700092CAE4 /* Final_App */;
			targetProxy = 920AD0661FBB5F710092CAE4 /* PBXContainerItemProxy */;
		};
/* End PBXTargetDependency section */

/* Begin PBXVariantGroup section */
		920AD04B1FBB5F700092CAE4 /* Main.storyboard */ = {
			isa = PBXVariantGroup;
			children = (
				920AD04C1FBB5F700092CAE4 /* Base */,
			);
			name = Main.storyboard;
			sourceTree = "<group>";
		};
		920AD0501FBB5F700092CAE4 /* LaunchScreen.storyboard */ = {
			isa = PBXVariantGroup;
			children = (
				920AD0511FBB5F700092CAE4 /* Base */,
			);
			name = LaunchScreen.storyboard;
			sourceTree = "<group>";
		};
/* End PBXVariantGroup section */

/* Begin XCBuildConfiguration section */
		920AD06C1FBB5F710092CAE4 /* Debug */ = {
			isa = XCBuildConfiguration;
			buildSettings = {
				ALWAYS_SEARCH_USER_PATHS = NO;
				CLANG_ANALYZER_NONNULL = YES;
				CLANG_ANALYZER_NUMBER_OBJECT_CONVERSION = YES_AGGRESSIVE;
				CLANG_CXX_LANGUAGE_STANDARD = "gnu++14";
				CLANG_CXX_LIBRARY = "libc++";
				CLANG_ENABLE_MODULES = YES;
				CLANG_ENABLE_OBJC_ARC = YES;
				CLANG_WARN_BLOCK_CAPTURE_AUTORELEASING = YES;
				CLANG_WARN_BOOL_CONVERSION = YES;
				CLANG_WARN_COMMA = YES;
				CLANG_WARN_CONSTANT_CONVERSION = YES;
				CLANG_WARN_DIRECT_OBJC_ISA_USAGE = YES_ERROR;
				CLANG_WARN_DOCUMENTATION_COMMENTS = YES;
				CLANG_WARN_EMPTY_BODY = YES;
				CLANG_WARN_ENUM_CONVERSION = YES;
				CLANG_WARN_INFINITE_RECURSION = YES;
				CLANG_WARN_INT_CONVERSION = YES;
				CLANG_WARN_NON_LITERAL_NULL_CONVERSION = YES;
				CLANG_WARN_OBJC_LITERAL_CONVERSION = YES;
				CLANG_WARN_OBJC_ROOT_CLASS = YES_ERROR;
				CLANG_WARN_RANGE_LOOP_ANALYSIS = YES;
				CLANG_WARN_STRICT_PROTOTYPES = YES;
				CLANG_WARN_SUSPICIOUS_MOVE = YES;
				CLANG_WARN_UNGUARDED_AVAILABILITY = YES_AGGRESSIVE;
				CLANG_WARN_UNREACHABLE_CODE = YES;
				CLANG_WARN__DUPLICATE_METHOD_MATCH = YES;
				CODE_SIGN_IDENTITY = "iPhone Developer";
				COPY_PHASE_STRIP = NO;
				DEBUG_INFORMATION_FORMAT = dwarf;
				ENABLE_STRICT_OBJC_MSGSEND = YES;
				ENABLE_TESTABILITY = YES;
				GCC_C_LANGUAGE_STANDARD = gnu11;
				GCC_DYNAMIC_NO_PIC = NO;
				GCC_NO_COMMON_BLOCKS = YES;
				GCC_OPTIMIZATION_LEVEL = 0;
				GCC_PREPROCESSOR_DEFINITIONS = (
					"DEBUG=1",
					"$(inherited)",
				);
				GCC_WARN_64_TO_32_BIT_CONVERSION = YES;
				GCC_WARN_ABOUT_RETURN_TYPE = YES_ERROR;
				GCC_WARN_UNDECLARED_SELECTOR = YES;
				GCC_WARN_UNINITIALIZED_AUTOS = YES_AGGRESSIVE;
				GCC_WARN_UNUSED_FUNCTION = YES;
				GCC_WARN_UNUSED_VARIABLE = YES;
				IPHONEOS_DEPLOYMENT_TARGET = 11.1;
				MTL_ENABLE_DEBUG_INFO = YES;
				ONLY_ACTIVE_ARCH = YES;
				SDKROOT = iphoneos;
			};
			name = Debug;
		};
		920AD06D1FBB5F710092CAE4 /* Release */ = {
			isa = XCBuildConfiguration;
			buildSettings = {
				ALWAYS_SEARCH_USER_PATHS = NO;
				CLANG_ANALYZER_NONNULL = YES;
				CLANG_ANALYZER_NUMBER_OBJECT_CONVERSION = YES_AGGRESSIVE;
				CLANG_CXX_LANGUAGE_STANDARD = "gnu++14";
				CLANG_CXX_LIBRARY = "libc++";
				CLANG_ENABLE_MODULES = YES;
				CLANG_ENABLE_OBJC_ARC = YES;
				CLANG_WARN_BLOCK_CAPTURE_AUTORELEASING = YES;
				CLANG_WARN_BOOL_CONVERSION = YES;
				CLANG_WARN_COMMA = YES;
				CLANG_WARN_CONSTANT_CONVERSION = YES;
				CLANG_WARN_DIRECT_OBJC_ISA_USAGE = YES_ERROR;
				CLANG_WARN_DOCUMENTATION_COMMENTS = YES;
				CLANG_WARN_EMPTY_BODY = YES;
				CLANG_WARN_ENUM_CONVERSION = YES;
				CLANG_WARN_INFINITE_RECURSION = YES;
				CLANG_WARN_INT_CONVERSION = YES;
				CLANG_WARN_NON_LITERAL_NULL_CONVERSION = YES;
				CLANG_WARN_OBJC_LITERAL_CONVERSION = YES;
				CLANG_WARN_OBJC_ROOT_CLASS = YES_ERROR;
				CLANG_WARN_RANGE_LOOP_ANALYSIS = YES;
				CLANG_WARN_STRICT_PROTOTYPES = YES;
				CLANG_WARN_SUSPICIOUS_MOVE = YES;
				CLANG_WARN_UNGUARDED_AVAILABILITY = YES_AGGRESSIVE;
				CLANG_WARN_UNREACHABLE_CODE = YES;
				CLANG_WARN__DUPLICATE_METHOD_MATCH = YES;
				CODE_SIGN_IDENTITY = "iPhone Developer";
				COPY_PHASE_STRIP = NO;
				DEBUG_INFORMATION_FORMAT = "dwarf-with-dsym";
				ENABLE_NS_ASSERTIONS = NO;
				ENABLE_STRICT_OBJC_MSGSEND = YES;
				GCC_C_LANGUAGE_STANDARD = gnu11;
				GCC_NO_COMMON_BLOCKS = YES;
				GCC_WARN_64_TO_32_BIT_CONVERSION = YES;
				GCC_WARN_ABOUT_RETURN_TYPE = YES_ERROR;
				GCC_WARN_UNDECLARED_SELECTOR = YES;
				GCC_WARN_UNINITIALIZED_AUTOS = YES_AGGRESSIVE;
				GCC_WARN_UNUSED_FUNCTION = YES;
				GCC_WARN_UNUSED_VARIABLE = YES;
				IPHONEOS_DEPLOYMENT_TARGET = 11.1;
				MTL_ENABLE_DEBUG_INFO = NO;
				SDKROOT = iphoneos;
				VALIDATE_PRODUCT = YES;
			};
			name = Release;
		};
		920AD06F1FBB5F710092CAE4 /* Debug */ = {
			isa = XCBuildConfiguration;
			buildSettings = {
				ASSETCATALOG_COMPILER_APPICON_NAME = AppIcon;
				CODE_SIGN_STYLE = Automatic;
				INFOPLIST_FILE = Final_App/Info.plist;
				LD_RUNPATH_SEARCH_PATHS = "$(inherited) @executable_path/Frameworks";
				PRODUCT_BUNDLE_IDENTIFIER = "-23.Final-App";
				PRODUCT_NAME = "$(TARGET_NAME)";
				TARGETED_DEVICE_FAMILY = "1,2";
			};
			name = Debug;
		};
		920AD0701FBB5F710092CAE4 /* Release */ = {
			isa = XCBuildConfiguration;
			buildSettings = {
				ASSETCATALOG_COMPILER_APPICON_NAME = AppIcon;
				CODE_SIGN_STYLE = Automatic;
				INFOPLIST_FILE = Final_App/Info.plist;
				LD_RUNPATH_SEARCH_PATHS = "$(inherited) @executable_path/Frameworks";
				PRODUCT_BUNDLE_IDENTIFIER = "-23.Final-App";
				PRODUCT_NAME = "$(TARGET_NAME)";
				TARGETED_DEVICE_FAMILY = "1,2";
			};
			name = Release;
		};
		920AD0721FBB5F710092CAE4 /* Debug */ = {
			isa = XCBuildConfiguration;
			buildSettings = {
				BUNDLE_LOADER = "$(TEST_HOST)";
				CODE_SIGN_STYLE = Automatic;
				INFOPLIST_FILE = Final_AppTests/Info.plist;
				LD_RUNPATH_SEARCH_PATHS = "$(inherited) @executable_path/Frameworks @loader_path/Frameworks";
				PRODUCT_BUNDLE_IDENTIFIER = "-23.Final-AppTests";
				PRODUCT_NAME = "$(TARGET_NAME)";
				TARGETED_DEVICE_FAMILY = "1,2";
				TEST_HOST = "$(BUILT_PRODUCTS_DIR)/Final_App.app/Final_App";
			};
			name = Debug;
		};
		920AD0731FBB5F710092CAE4 /* Release */ = {
			isa = XCBuildConfiguration;
			buildSettings = {
				BUNDLE_LOADER = "$(TEST_HOST)";
				CODE_SIGN_STYLE = Automatic;
				INFOPLIST_FILE = Final_AppTests/Info.plist;
				LD_RUNPATH_SEARCH_PATHS = "$(inherited) @executable_path/Frameworks @loader_path/Frameworks";
				PRODUCT_BUNDLE_IDENTIFIER = "-23.Final-AppTests";
				PRODUCT_NAME = "$(TARGET_NAME)";
				TARGETED_DEVICE_FAMILY = "1,2";
				TEST_HOST = "$(BUILT_PRODUCTS_DIR)/Final_App.app/Final_App";
			};
			name = Release;
		};
		920AD0751FBB5F710092CAE4 /* Debug */ = {
			isa = XCBuildConfiguration;
			buildSettings = {
				CODE_SIGN_STYLE = Automatic;
				INFOPLIST_FILE = Final_AppUITests/Info.plist;
				LD_RUNPATH_SEARCH_PATHS = "$(inherited) @executable_path/Frameworks @loader_path/Frameworks";
				PRODUCT_BUNDLE_IDENTIFIER = "-23.Final-AppUITests";
				PRODUCT_NAME = "$(TARGET_NAME)";
				TARGETED_DEVICE_FAMILY = "1,2";
				TEST_TARGET_NAME = Final_App;
			};
			name = Debug;
		};
		920AD0761FBB5F710092CAE4 /* Release */ = {
			isa = XCBuildConfiguration;
			buildSettings = {
				CODE_SIGN_STYLE = Automatic;
				INFOPLIST_FILE = Final_AppUITests/Info.plist;
				LD_RUNPATH_SEARCH_PATHS = "$(inherited) @executable_path/Frameworks @loader_path/Frameworks";
				PRODUCT_BUNDLE_IDENTIFIER = "-23.Final-AppUITests";
				PRODUCT_NAME = "$(TARGET_NAME)";
				TARGETED_DEVICE_FAMILY = "1,2";
				TEST_TARGET_NAME = Final_App;
			};
			name = Release;
		};
/* End XCBuildConfiguration section */

/* Begin XCConfigurationList section */
		920AD03D1FBB5F700092CAE4 /* Build configuration list for PBXProject "Final_App" */ = {
			isa = XCConfigurationList;
			buildConfigurations = (
				920AD06C1FBB5F710092CAE4 /* Debug */,
				920AD06D1FBB5F710092CAE4 /* Release */,
			);
			defaultConfigurationIsVisible = 0;
			defaultConfigurationName = Release;
		};
		920AD06E1FBB5F710092CAE4 /* Build configuration list for PBXNativeTarget "Final_App" */ = {
			isa = XCConfigurationList;
			buildConfigurations = (
				920AD06F1FBB5F710092CAE4 /* Debug */,
				920AD0701FBB5F710092CAE4 /* Release */,
			);
			defaultConfigurationIsVisible = 0;
			defaultConfigurationName = Release;
		};
		920AD0711FBB5F710092CAE4 /* Build configuration list for PBXNativeTarget "Final_AppTests" */ = {
			isa = XCConfigurationList;
			buildConfigurations = (
				920AD0721FBB5F710092CAE4 /* Debug */,
				920AD0731FBB5F710092CAE4 /* Release */,
			);
			defaultConfigurationIsVisible = 0;
			defaultConfigurationName = Release;
		};
		920AD0741FBB5F710092CAE4 /* Build configuration list for PBXNativeTarget "Final_AppUITests" */ = {
			isa = XCConfigurationList;
			buildConfigurations = (
				920AD0751FBB5F710092CAE4 /* Debug */,
				920AD0761FBB5F710092CAE4 /* Release */,
			);
			defaultConfigurationIsVisible = 0;
			defaultConfigurationName = Release;
		};
/* End XCConfigurationList section */

/* Begin XCVersionGroup section */
		920AD0CA1FBCBF160092CAE4 /* AppDataModel.xcdatamodeld */ = {
			isa = XCVersionGroup;
			children = (
				920AD0CB1FBCBF160092CAE4 /* Model.xcdatamodel */,
			);
			currentVersion = 920AD0CB1FBCBF160092CAE4 /* Model.xcdatamodel */;
			path = AppDataModel.xcdatamodeld;
			sourceTree = "<group>";
			versionGroupType = wrapper.xcdatamodel;
		};
/* End XCVersionGroup section */
	};
	rootObject = 920AD03A1FBB5F700092CAE4 /* Project object */;
}
